Microsoft Visual Studio Solution File, Format Version 12.00
# Visual Studio Version 16
VisualStudioVersion = 16.0.0.0
MinimumVisualStudioVersion = 16.0.0.0
Project("{9A19103F-16F7-4668-BE54-9A1E7A4F7556}") = "WASMChat.Server", "Server\WASMChat.Server.csproj", "{961F8608-B9D8-4E02-BF62-F623DE3BAEFD}"
EndProject
Project("{9A19103F-16F7-4668-BE54-9A1E7A4F7556}") = "WASMChat.Client", "Client\WASMChat.Client.csproj", "{AF48094F-0945-4A27-8516-0DB961925E2D}"
EndProject
Project("{9A19103F-16F7-4668-BE54-9A1E7A4F7556}") = "WASMChat.Shared", "Shared\WASMChat.Shared.csproj", "{F507B953-29C4-4321-ADEA-67DA0BC9BB02}"
EndProject
Project("{FAE04EC0-301F-11D3-BF4B-00C04F79EFBC}") = "WASMChat.Data", "Data\WASMChat.Data.csproj", "{A1F78C57-93D1-4AF5-A6AF-79AF4622DCD1}"
EndProject
Project("{2150E333-8FDC-42A3-9474-1A3956D46DE8}") = "Solution Items", "Solution Items", "{A650D5EF-59D9-4CB5-A4C7-98911BD9ABDE}"
	ProjectSection(SolutionItems) = preProject
		docker-compose.yml = docker-compose.yml
		Dockerfile = Dockerfile
		.dockerignore = .dockerignore
	EndProjectSection
EndProject
Project("{2150E333-8FDC-42A3-9474-1A3956D46DE8}") = "Certificates", "Certificates", "{9DC98F4A-D14D-462A-AADF-427A26063834}"
	ProjectSection(SolutionItems) = preProject
		Certificates\wasmchat.pfx = Certificates\wasmchat.pfx
	EndProjectSection
EndProject
Project("{2150E333-8FDC-42A3-9474-1A3956D46DE8}") = "Environments", "Environments", "{23BFF640-F144-4CDA-8325-AC77B1FE157A}"
	ProjectSection(SolutionItems) = preProject
		Environments\app.env = Environments\app.env
		Environments\postgres.env = Environments\postgres.env
		Environments\seq.env = Environments\seq.env
	EndProjectSection
EndProject
Project("{FAE04EC0-301F-11D3-BF4B-00C04F79EFBC}") = "WASMChat.CommonComponents", "CommonComponents\WASMChat.CommonComponents.csproj", "{6A19FECB-6E64-46C4-BC74-C4FA9C660234}"
EndProject
Project("{FAE04EC0-301F-11D3-BF4B-00C04F79EFBC}") = "WASMChat.Pages.Chat", "Pages\Chat\WASMChat.Pages.Chat.csproj", "{2331571C-826C-4A6C-936A-1D6078DEE833}"
EndProject
Project("{2150E333-8FDC-42A3-9474-1A3956D46DE8}") = "Pages", "Pages", "{4E84C00A-CBF8-4BF5-9E46-B5B239D578D7}"
EndProject
Project("{FAE04EC0-301F-11D3-BF4B-00C04F79EFBC}") = "WASMChat.CodeGenerators", "CodeGenerators\WASMChat.CodeGenerators.csproj", "{D5BF6569-B1EA-47A3-B3D2-73F70056D0D3}"
EndProject
Global
	GlobalSection(SolutionConfigurationPlatforms) = preSolution
		Debug|Any CPU = Debug|Any CPU
		Debug|x64 = Debug|x64
		Debug|x86 = Debug|x86
		Release|Any CPU = Release|Any CPU
		Release|x64 = Release|x64
		Release|x86 = Release|x86
	EndGlobalSection
	GlobalSection(ProjectConfigurationPlatforms) = postSolution
		{AF48094F-0945-4A27-8516-0DB961925E2D}.Debug|Any CPU.ActiveCfg = Debug|Any CPU
		{AF48094F-0945-4A27-8516-0DB961925E2D}.Debug|Any CPU.Build.0 = Debug|Any CPU
		{AF48094F-0945-4A27-8516-0DB961925E2D}.Debug|x64.ActiveCfg = Debug|Any CPU
		{AF48094F-0945-4A27-8516-0DB961925E2D}.Debug|x64.Build.0 = Debug|Any CPU
		{AF48094F-0945-4A27-8516-0DB961925E2D}.Debug|x86.ActiveCfg = Debug|Any CPU
		{AF48094F-0945-4A27-8516-0DB961925E2D}.Debug|x86.Build.0 = Debug|Any CPU
		{AF48094F-0945-4A27-8516-0DB961925E2D}.Release|Any CPU.ActiveCfg = Release|Any CPU
		{AF48094F-0945-4A27-8516-0DB961925E2D}.Release|Any CPU.Build.0 = Release|Any CPU
		{AF48094F-0945-4A27-8516-0DB961925E2D}.Release|x64.ActiveCfg = Release|Any CPU
		{AF48094F-0945-4A27-8516-0DB961925E2D}.Release|x64.Build.0 = Release|Any CPU
		{AF48094F-0945-4A27-8516-0DB961925E2D}.Release|x86.ActiveCfg = Release|Any CPU
		{AF48094F-0945-4A27-8516-0DB961925E2D}.Release|x86.Build.0 = Release|Any CPU
		{961F8608-B9D8-4E02-BF62-F623DE3BAEFD}.Debug|Any CPU.ActiveCfg = Debug|Any CPU
		{961F8608-B9D8-4E02-BF62-F623DE3BAEFD}.Debug|Any CPU.Build.0 = Debug|Any CPU
		{961F8608-B9D8-4E02-BF62-F623DE3BAEFD}.Debug|x64.ActiveCfg = Debug|Any CPU
		{961F8608-B9D8-4E02-BF62-F623DE3BAEFD}.Debug|x64.Build.0 = Debug|Any CPU
		{961F8608-B9D8-4E02-BF62-F623DE3BAEFD}.Debug|x86.ActiveCfg = Debug|Any CPU
		{961F8608-B9D8-4E02-BF62-F623DE3BAEFD}.Debug|x86.Build.0 = Debug|Any CPU
		{961F8608-B9D8-4E02-BF62-F623DE3BAEFD}.Release|Any CPU.ActiveCfg = Release|Any CPU
		{961F8608-B9D8-4E02-BF62-F623DE3BAEFD}.Release|Any CPU.Build.0 = Release|Any CPU
		{961F8608-B9D8-4E02-BF62-F623DE3BAEFD}.Release|x64.ActiveCfg = Release|Any CPU
		{961F8608-B9D8-4E02-BF62-F623DE3BAEFD}.Release|x64.Build.0 = Release|Any CPU
		{961F8608-B9D8-4E02-BF62-F623DE3BAEFD}.Release|x86.ActiveCfg = Release|Any CPU
		{961F8608-B9D8-4E02-BF62-F623DE3BAEFD}.Release|x86.Build.0 = Release|Any CPU
		{F507B953-29C4-4321-ADEA-67DA0BC9BB02}.Debug|Any CPU.ActiveCfg = Debug|Any CPU
		{F507B953-29C4-4321-ADEA-67DA0BC9BB02}.Debug|Any CPU.Build.0 = Debug|Any CPU
		{F507B953-29C4-4321-ADEA-67DA0BC9BB02}.Debug|x64.ActiveCfg = Debug|Any CPU
		{F507B953-29C4-4321-ADEA-67DA0BC9BB02}.Debug|x64.Build.0 = Debug|Any CPU
		{F507B953-29C4-4321-ADEA-67DA0BC9BB02}.Debug|x86.ActiveCfg = Debug|Any CPU
		{F507B953-29C4-4321-ADEA-67DA0BC9BB02}.Debug|x86.Build.0 = Debug|Any CPU
		{F507B953-29C4-4321-ADEA-67DA0BC9BB02}.Release|Any CPU.ActiveCfg = Release|Any CPU
		{F507B953-29C4-4321-ADEA-67DA0BC9BB02}.Release|Any CPU.Build.0 = Release|Any CPU
		{F507B953-29C4-4321-ADEA-67DA0BC9BB02}.Release|x64.ActiveCfg = Release|Any CPU
		{F507B953-29C4-4321-ADEA-67DA0BC9BB02}.Release|x64.Build.0 = Release|Any CPU
		{F507B953-29C4-4321-ADEA-67DA0BC9BB02}.Release|x86.ActiveCfg = Release|Any CPU
		{F507B953-29C4-4321-ADEA-67DA0BC9BB02}.Release|x86.Build.0 = Release|Any CPU
		{A1F78C57-93D1-4AF5-A6AF-79AF4622DCD1}.Debug|Any CPU.ActiveCfg = Debug|Any CPU
		{A1F78C57-93D1-4AF5-A6AF-79AF4622DCD1}.Debug|Any CPU.Build.0 = Debug|Any CPU
		{A1F78C57-93D1-4AF5-A6AF-79AF4622DCD1}.Debug|x64.ActiveCfg = Debug|Any CPU
		{A1F78C57-93D1-4AF5-A6AF-79AF4622DCD1}.Debug|x64.Build.0 = Debug|Any CPU
		{A1F78C57-93D1-4AF5-A6AF-79AF4622DCD1}.Debug|x86.ActiveCfg = Debug|Any CPU
		{A1F78C57-93D1-4AF5-A6AF-79AF4622DCD1}.Debug|x86.Build.0 = Debug|Any CPU
		{A1F78C57-93D1-4AF5-A6AF-79AF4622DCD1}.Release|Any CPU.ActiveCfg = Release|Any CPU
		{A1F78C57-93D1-4AF5-A6AF-79AF4622DCD1}.Release|Any CPU.Build.0 = Release|Any CPU
		{A1F78C57-93D1-4AF5-A6AF-79AF4622DCD1}.Release|x64.ActiveCfg = Release|Any CPU
		{A1F78C57-93D1-4AF5-A6AF-79AF4622DCD1}.Release|x64.Build.0 = Release|Any CPU
		{A1F78C57-93D1-4AF5-A6AF-79AF4622DCD1}.Release|x86.ActiveCfg = Release|Any CPU
		{A1F78C57-93D1-4AF5-A6AF-79AF4622DCD1}.Release|x86.Build.0 = Release|Any CPU
		{6A19FECB-6E64-46C4-BC74-C4FA9C660234}.Debug|Any CPU.ActiveCfg = Debug|Any CPU
		{6A19FECB-6E64-46C4-BC74-C4FA9C660234}.Debug|Any CPU.Build.0 = Debug|Any CPU
		{6A19FECB-6E64-46C4-BC74-C4FA9C660234}.Debug|x64.ActiveCfg = Debug|Any CPU
		{6A19FECB-6E64-46C4-BC74-C4FA9C660234}.Debug|x64.Build.0 = Debug|Any CPU
		{6A19FECB-6E64-46C4-BC74-C4FA9C660234}.Debug|x86.ActiveCfg = Debug|Any CPU
		{6A19FECB-6E64-46C4-BC74-C4FA9C660234}.Debug|x86.Build.0 = Debug|Any CPU
		{6A19FECB-6E64-46C4-BC74-C4FA9C660234}.Release|Any CPU.ActiveCfg = Release|Any CPU
		{6A19FECB-6E64-46C4-BC74-C4FA9C660234}.Release|Any CPU.Build.0 = Release|Any CPU
		{6A19FECB-6E64-46C4-BC74-C4FA9C660234}.Release|x64.ActiveCfg = Release|Any CPU
		{6A19FECB-6E64-46C4-BC74-C4FA9C660234}.Release|x64.Build.0 = Release|Any CPU
		{6A19FECB-6E64-46C4-BC74-C4FA9C660234}.Release|x86.ActiveCfg = Release|Any CPU
		{6A19FECB-6E64-46C4-BC74-C4FA9C660234}.Release|x86.Build.0 = Release|Any CPU
		{2331571C-826C-4A6C-936A-1D6078DEE833}.Debug|Any CPU.ActiveCfg = Debug|Any CPU
		{2331571C-826C-4A6C-936A-1D6078DEE833}.Debug|Any CPU.Build.0 = Debug|Any CPU
		{2331571C-826C-4A6C-936A-1D6078DEE833}.Debug|x64.ActiveCfg = Debug|Any CPU
		{2331571C-826C-4A6C-936A-1D6078DEE833}.Debug|x64.Build.0 = Debug|Any CPU
		{2331571C-826C-4A6C-936A-1D6078DEE833}.Debug|x86.ActiveCfg = Debug|Any CPU
		{2331571C-826C-4A6C-936A-1D6078DEE833}.Debug|x86.Build.0 = Debug|Any CPU
		{2331571C-826C-4A6C-936A-1D6078DEE833}.Release|Any CPU.ActiveCfg = Release|Any CPU
		{2331571C-826C-4A6C-936A-1D6078DEE833}.Release|Any CPU.Build.0 = Release|Any CPU
		{2331571C-826C-4A6C-936A-1D6078DEE833}.Release|x64.ActiveCfg = Release|Any CPU
		{2331571C-826C-4A6C-936A-1D6078DEE833}.Release|x64.Build.0 = Release|Any CPU
		{2331571C-826C-4A6C-936A-1D6078DEE833}.Release|x86.ActiveCfg = Release|Any CPU
		{2331571C-826C-4A6C-936A-1D6078DEE833}.Release|x86.Build.0 = Release|Any CPU
		{D5BF6569-B1EA-47A3-B3D2-73F70056D0D3}.Debug|Any CPU.ActiveCfg = Debug|Any CPU
		{D5BF6569-B1EA-47A3-B3D2-73F70056D0D3}.Debug|Any CPU.Build.0 = Debug|Any CPU
		{D5BF6569-B1EA-47A3-B3D2-73F70056D0D3}.Debug|x64.ActiveCfg = Debug|Any CPU
		{D5BF6569-B1EA-47A3-B3D2-73F70056D0D3}.Debug|x64.Build.0 = Debug|Any CPU
		{D5BF6569-B1EA-47A3-B3D2-73F70056D0D3}.Debug|x86.ActiveCfg = Debug|Any CPU
		{D5BF6569-B1EA-47A3-B3D2-73F70056D0D3}.Debug|x86.Build.0 = Debug|Any CPU
		{D5BF6569-B1EA-47A3-B3D2-73F70056D0D3}.Release|Any CPU.ActiveCfg = Release|Any CPU
		{D5BF6569-B1EA-47A3-B3D2-73F70056D0D3}.Release|Any CPU.Build.0 = Release|Any CPU
		{D5BF6569-B1EA-47A3-B3D2-73F70056D0D3}.Release|x64.ActiveCfg = Release|Any CPU
		{D5BF6569-B1EA-47A3-B3D2-73F70056D0D3}.Release|x64.Build.0 = Release|Any CPU
		{D5BF6569-B1EA-47A3-B3D2-73F70056D0D3}.Release|x86.ActiveCfg = Release|Any CPU
		{D5BF6569-B1EA-47A3-B3D2-73F70056D0D3}.Release|x86.Build.0 = Release|Any CPU
	EndGlobalSection
	GlobalSection(SolutionProperties) = preSolution
		HideSolutionNode = FALSE
	EndGlobalSection
	GlobalSection(ExtensibilityGlobals) = postSolution
		SolutionGuid = {42A32560-78BF-448D-ABB3-089935178ACE}
	EndGlobalSection
	GlobalSection(NestedProjects) = preSolution
		{9DC98F4A-D14D-462A-AADF-427A26063834} = {A650D5EF-59D9-4CB5-A4C7-98911BD9ABDE}
		{23BFF640-F144-4CDA-8325-AC77B1FE157A} = {A650D5EF-59D9-4CB5-A4C7-98911BD9ABDE}
		{2331571C-826C-4A6C-936A-1D6078DEE833} = {4E84C00A-CBF8-4BF5-9E46-B5B239D578D7}
	EndGlobalSection
EndGlobal
